
Microsoft Visual Studio Solution File, Format Version 12.00
# Visual Studio 15
VisualStudioVersion = 15.0.28307.852
MinimumVisualStudioVersion = 10.0.40219.1
Project("{FAE04EC0-301F-11D3-BF4B-00C04F79EFBC}") = "Border", "WpfApp_003\Border.csproj", "{5F0C36F7-4D2D-492B-98A5-4EA50A1374D5}"
EndProject
Project("{FAE04EC0-301F-11D3-BF4B-00C04F79EFBC}") = "BulletDecorator", "BulletDecorator\BulletDecorator.csproj", "{A25CD46E-8EBE-41D7-98A8-484C3FCC44C0}"
EndProject
Project("{FAE04EC0-301F-11D3-BF4B-00C04F79EFBC}") = "WrapPanel", "WrapPanel\WrapPanel.csproj", "{C17CD3E7-8A1E-4431-A6A5-340EC87D2B81}"
EndProject
Project("{FAE04EC0-301F-11D3-BF4B-00C04F79EFBC}") = "DockPanel", "DockPanel\DockPanel.csproj", "{A48C210B-DB28-4A27-BF05-D2B2E21C0989}"
EndProject
Project("{FAE04EC0-301F-11D3-BF4B-00C04F79EFBC}") = "ScrollViewer", "ScrollViewer\ScrollViewer.csproj", "{EFB4E517-01C0-4913-9F25-0221C680B99C}"
EndProject
Project("{FAE04EC0-301F-11D3-BF4B-00C04F79EFBC}") = "ScrollBar_Operate", "ScrollBar_Operate\ScrollBar_Operate.csproj", "{0F5A77F5-1B74-439E-8BC2-47FEEE964604}"
EndProject
Project("{FAE04EC0-301F-11D3-BF4B-00C04F79EFBC}") = "Grid", "Grid\Grid.csproj", "{57EF78BB-A50B-4DE2-B2FA-27C2F1EC61C4}"
EndProject
Project("{FAE04EC0-301F-11D3-BF4B-00C04F79EFBC}") = "Grid_DockPanelLike", "Grid_DockPanelLike\Grid_DockPanelLike.csproj", "{BFE82ACB-D08E-40EC-A702-BD545F6A17AA}"
EndProject
Project("{FAE04EC0-301F-11D3-BF4B-00C04F79EFBC}") = "LayoutProperty", "LayoutProperty\LayoutProperty.csproj", "{B757AC81-68BB-4353-A483-EAB50B45ECAA}"
EndProject
Project("{FAE04EC0-301F-11D3-BF4B-00C04F79EFBC}") = "ContentControl", "ContentControl\ContentControl.csproj", "{B6939FFB-148A-4AAE-B22D-3F4065FA7FC3}"
EndProject
Project("{FAE04EC0-301F-11D3-BF4B-00C04F79EFBC}") = "Style", "ShowObject\Style.csproj", "{180500AA-5EDE-4429-9DD0-B4963B6CE388}"
EndProject
Project("{FAE04EC0-301F-11D3-BF4B-00C04F79EFBC}") = "Binding", "Binding\Binding.csproj", "{02CCAC52-F2F2-401D-8FD3-68A2B0ABE357}"
EndProject
Project("{FAE04EC0-301F-11D3-BF4B-00C04F79EFBC}") = "DataTemplate", "DataTemplate\DataTemplate.csproj", "{CCA497EE-843A-4BE0-AE46-412AD17C185C}"
EndProject
Project("{FAE04EC0-301F-11D3-BF4B-00C04F79EFBC}") = "ButtonControl", "ButtonControl\ButtonControl.csproj", "{1512046C-203B-4F16-A577-39EF8A9A4B3A}"
EndProject
Project("{FAE04EC0-301F-11D3-BF4B-00C04F79EFBC}") = "DataGridControl", "DataGridControl\DataGridControl.csproj", "{C7EC9CC7-684E-422A-8708-460257CE28A8}"
EndProject
Project("{FAE04EC0-301F-11D3-BF4B-00C04F79EFBC}") = "DataGrid_Template", "DataGrid_Template\DataGrid_Template.csproj", "{449468CC-F2D8-4AF7-A4B3-2EF8EA14457B}"
EndProject
Project("{FAE04EC0-301F-11D3-BF4B-00C04F79EFBC}") = "TreeView", "TreeView\TreeView.csproj", "{F282D79B-2481-44B8-9372-288D71FD440A}"
EndProject
Project("{FAE04EC0-301F-11D3-BF4B-00C04F79EFBC}") = "TreeView_ItemTemplate", "TreeView_ItemTemplate\TreeView_ItemTemplate.csproj", "{3AF9B79A-6F08-46C1-B1CB-CD5DDE44DF17}"
EndProject
Project("{FAE04EC0-301F-11D3-BF4B-00C04F79EFBC}") = "Calendar", "Calendar\Calendar.csproj", "{D7F15B17-74AA-4BC5-AC7E-29B40E6F65C1}"
EndProject
Project("{FAE04EC0-301F-11D3-BF4B-00C04F79EFBC}") = "ContextMenu", "ContextMenu\ContextMenu.csproj", "{C79D4A8C-B8FE-4D39-A1D8-8E591B5F37EF}"
EndProject
Project("{FAE04EC0-301F-11D3-BF4B-00C04F79EFBC}") = "Menu", "Menu\Menu.csproj", "{3A17A46B-1ADD-4BCE-91DE-3EBC60E728FB}"
EndProject
Project("{FAE04EC0-301F-11D3-BF4B-00C04F79EFBC}") = "ToolBar", "ToolBar\ToolBar.csproj", "{59686F28-0B74-4FB5-866C-6187935D9248}"
EndProject
Project("{FAE04EC0-301F-11D3-BF4B-00C04F79EFBC}") = "CheckBox", "CheckBox\CheckBox.csproj", "{44F9FECB-6225-4D77-9633-82D1F0D4C899}"
EndProject
Project("{FAE04EC0-301F-11D3-BF4B-00C04F79EFBC}") = "ComboBox", "ComboBox\ComboBox.csproj", "{373581D4-9753-41CD-A550-958B31942207}"
EndProject
Project("{FAE04EC0-301F-11D3-BF4B-00C04F79EFBC}") = "ListBox", "ListBox\ListBox.csproj", "{3097F283-6F50-486C-8C03-4AB7E0713C20}"
EndProject
Project("{FAE04EC0-301F-11D3-BF4B-00C04F79EFBC}") = "RadioButtonControl", "RadioButtonControl\RadioButtonControl.csproj", "{5AED8F58-78BC-4B95-8FDE-12E5CCFB74C8}"
EndProject
Project("{FAE04EC0-301F-11D3-BF4B-00C04F79EFBC}") = "SliderControl", "SliderControl\SliderControl.csproj", "{90C00136-8F1F-4D30-9E01-10E9A32583AE}"
EndProject
Project("{FAE04EC0-301F-11D3-BF4B-00C04F79EFBC}") = "TabUI", "TabUI\TabUI.csproj", "{58B6BF20-9988-412F-825D-7A84520E40D1}"
EndProject
Project("{FAE04EC0-301F-11D3-BF4B-00C04F79EFBC}") = "FileDialog", "FileDialog\FileDialog.csproj", "{614F070A-656F-4CB8-87CF-6477572B3479}"
EndProject
Project("{FAE04EC0-301F-11D3-BF4B-00C04F79EFBC}") = "DisplayInformationControls", "DisplayInformationControls\DisplayInformationControls.csproj", "{B53372C6-A50F-448C-B638-0ECAAAB63FDC}"
EndProject
Project("{FAE04EC0-301F-11D3-BF4B-00C04F79EFBC}") = "PopupControl", "PopupControl\PopupControl.csproj", "{CAA3DBE1-FD97-48B9-88F8-AA9E68727F1A}"
EndProject
Project("{FAE04EC0-301F-11D3-BF4B-00C04F79EFBC}") = "ToolTipControl", "ToolTipControl\ToolTipControl.csproj", "{54BD608F-D3A9-4510-A71A-A5797AE22F7F}"
EndProject
Global
	GlobalSection(SolutionConfigurationPlatforms) = preSolution
		Debug|Any CPU = Debug|Any CPU
		Release|Any CPU = Release|Any CPU
	EndGlobalSection
	GlobalSection(ProjectConfigurationPlatforms) = postSolution
		{5F0C36F7-4D2D-492B-98A5-4EA50A1374D5}.Debug|Any CPU.ActiveCfg = Debug|Any CPU
		{5F0C36F7-4D2D-492B-98A5-4EA50A1374D5}.Debug|Any CPU.Build.0 = Debug|Any CPU
		{5F0C36F7-4D2D-492B-98A5-4EA50A1374D5}.Release|Any CPU.ActiveCfg = Release|Any CPU
		{5F0C36F7-4D2D-492B-98A5-4EA50A1374D5}.Release|Any CPU.Build.0 = Release|Any CPU
		{A25CD46E-8EBE-41D7-98A8-484C3FCC44C0}.Debug|Any CPU.ActiveCfg = Debug|Any CPU
		{A25CD46E-8EBE-41D7-98A8-484C3FCC44C0}.Debug|Any CPU.Build.0 = Debug|Any CPU
		{A25CD46E-8EBE-41D7-98A8-484C3FCC44C0}.Release|Any CPU.ActiveCfg = Release|Any CPU
		{A25CD46E-8EBE-41D7-98A8-484C3FCC44C0}.Release|Any CPU.Build.0 = Release|Any CPU
		{C17CD3E7-8A1E-4431-A6A5-340EC87D2B81}.Debug|Any CPU.ActiveCfg = Debug|Any CPU
		{C17CD3E7-8A1E-4431-A6A5-340EC87D2B81}.Debug|Any CPU.Build.0 = Debug|Any CPU
		{C17CD3E7-8A1E-4431-A6A5-340EC87D2B81}.Release|Any CPU.ActiveCfg = Release|Any CPU
		{C17CD3E7-8A1E-4431-A6A5-340EC87D2B81}.Release|Any CPU.Build.0 = Release|Any CPU
		{A48C210B-DB28-4A27-BF05-D2B2E21C0989}.Debug|Any CPU.ActiveCfg = Debug|Any CPU
		{A48C210B-DB28-4A27-BF05-D2B2E21C0989}.Debug|Any CPU.Build.0 = Debug|Any CPU
		{A48C210B-DB28-4A27-BF05-D2B2E21C0989}.Release|Any CPU.ActiveCfg = Release|Any CPU
		{A48C210B-DB28-4A27-BF05-D2B2E21C0989}.Release|Any CPU.Build.0 = Release|Any CPU
		{EFB4E517-01C0-4913-9F25-0221C680B99C}.Debug|Any CPU.ActiveCfg = Debug|Any CPU
		{EFB4E517-01C0-4913-9F25-0221C680B99C}.Debug|Any CPU.Build.0 = Debug|Any CPU
		{EFB4E517-01C0-4913-9F25-0221C680B99C}.Release|Any CPU.ActiveCfg = Release|Any CPU
		{EFB4E517-01C0-4913-9F25-0221C680B99C}.Release|Any CPU.Build.0 = Release|Any CPU
		{0F5A77F5-1B74-439E-8BC2-47FEEE964604}.Debug|Any CPU.ActiveCfg = Debug|Any CPU
		{0F5A77F5-1B74-439E-8BC2-47FEEE964604}.Debug|Any CPU.Build.0 = Debug|Any CPU
		{0F5A77F5-1B74-439E-8BC2-47FEEE964604}.Release|Any CPU.ActiveCfg = Release|Any CPU
		{0F5A77F5-1B74-439E-8BC2-47FEEE964604}.Release|Any CPU.Build.0 = Release|Any CPU
		{57EF78BB-A50B-4DE2-B2FA-27C2F1EC61C4}.Debug|Any CPU.ActiveCfg = Debug|Any CPU
		{57EF78BB-A50B-4DE2-B2FA-27C2F1EC61C4}.Debug|Any CPU.Build.0 = Debug|Any CPU
		{57EF78BB-A50B-4DE2-B2FA-27C2F1EC61C4}.Release|Any CPU.ActiveCfg = Release|Any CPU
		{57EF78BB-A50B-4DE2-B2FA-27C2F1EC61C4}.Release|Any CPU.Build.0 = Release|Any CPU
		{BFE82ACB-D08E-40EC-A702-BD545F6A17AA}.Debug|Any CPU.ActiveCfg = Debug|Any CPU
		{BFE82ACB-D08E-40EC-A702-BD545F6A17AA}.Debug|Any CPU.Build.0 = Debug|Any CPU
		{BFE82ACB-D08E-40EC-A702-BD545F6A17AA}.Release|Any CPU.ActiveCfg = Release|Any CPU
		{BFE82ACB-D08E-40EC-A702-BD545F6A17AA}.Release|Any CPU.Build.0 = Release|Any CPU
		{B757AC81-68BB-4353-A483-EAB50B45ECAA}.Debug|Any CPU.ActiveCfg = Debug|Any CPU
		{B757AC81-68BB-4353-A483-EAB50B45ECAA}.Debug|Any CPU.Build.0 = Debug|Any CPU
		{B757AC81-68BB-4353-A483-EAB50B45ECAA}.Release|Any CPU.ActiveCfg = Release|Any CPU
		{B757AC81-68BB-4353-A483-EAB50B45ECAA}.Release|Any CPU.Build.0 = Release|Any CPU
		{B6939FFB-148A-4AAE-B22D-3F4065FA7FC3}.Debug|Any CPU.ActiveCfg = Debug|Any CPU
		{B6939FFB-148A-4AAE-B22D-3F4065FA7FC3}.Debug|Any CPU.Build.0 = Debug|Any CPU
		{B6939FFB-148A-4AAE-B22D-3F4065FA7FC3}.Release|Any CPU.ActiveCfg = Release|Any CPU
		{B6939FFB-148A-4AAE-B22D-3F4065FA7FC3}.Release|Any CPU.Build.0 = Release|Any CPU
		{180500AA-5EDE-4429-9DD0-B4963B6CE388}.Debug|Any CPU.ActiveCfg = Debug|Any CPU
		{180500AA-5EDE-4429-9DD0-B4963B6CE388}.Debug|Any CPU.Build.0 = Debug|Any CPU
		{180500AA-5EDE-4429-9DD0-B4963B6CE388}.Release|Any CPU.ActiveCfg = Release|Any CPU
		{180500AA-5EDE-4429-9DD0-B4963B6CE388}.Release|Any CPU.Build.0 = Release|Any CPU
		{02CCAC52-F2F2-401D-8FD3-68A2B0ABE357}.Debug|Any CPU.ActiveCfg = Debug|Any CPU
		{02CCAC52-F2F2-401D-8FD3-68A2B0ABE357}.Debug|Any CPU.Build.0 = Debug|Any CPU
		{02CCAC52-F2F2-401D-8FD3-68A2B0ABE357}.Release|Any CPU.ActiveCfg = Release|Any CPU
		{02CCAC52-F2F2-401D-8FD3-68A2B0ABE357}.Release|Any CPU.Build.0 = Release|Any CPU
		{CCA497EE-843A-4BE0-AE46-412AD17C185C}.Debug|Any CPU.ActiveCfg = Debug|Any CPU
		{CCA497EE-843A-4BE0-AE46-412AD17C185C}.Debug|Any CPU.Build.0 = Debug|Any CPU
		{CCA497EE-843A-4BE0-AE46-412AD17C185C}.Release|Any CPU.ActiveCfg = Release|Any CPU
		{CCA497EE-843A-4BE0-AE46-412AD17C185C}.Release|Any CPU.Build.0 = Release|Any CPU
		{1512046C-203B-4F16-A577-39EF8A9A4B3A}.Debug|Any CPU.ActiveCfg = Debug|Any CPU
		{1512046C-203B-4F16-A577-39EF8A9A4B3A}.Debug|Any CPU.Build.0 = Debug|Any CPU
		{1512046C-203B-4F16-A577-39EF8A9A4B3A}.Release|Any CPU.ActiveCfg = Release|Any CPU
		{1512046C-203B-4F16-A577-39EF8A9A4B3A}.Release|Any CPU.Build.0 = Release|Any CPU
		{C7EC9CC7-684E-422A-8708-460257CE28A8}.Debug|Any CPU.ActiveCfg = Debug|Any CPU
		{C7EC9CC7-684E-422A-8708-460257CE28A8}.Debug|Any CPU.Build.0 = Debug|Any CPU
		{C7EC9CC7-684E-422A-8708-460257CE28A8}.Release|Any CPU.ActiveCfg = Release|Any CPU
		{C7EC9CC7-684E-422A-8708-460257CE28A8}.Release|Any CPU.Build.0 = Release|Any CPU
		{449468CC-F2D8-4AF7-A4B3-2EF8EA14457B}.Debug|Any CPU.ActiveCfg = Debug|Any CPU
		{449468CC-F2D8-4AF7-A4B3-2EF8EA14457B}.Debug|Any CPU.Build.0 = Debug|Any CPU
		{449468CC-F2D8-4AF7-A4B3-2EF8EA14457B}.Release|Any CPU.ActiveCfg = Release|Any CPU
		{449468CC-F2D8-4AF7-A4B3-2EF8EA14457B}.Release|Any CPU.Build.0 = Release|Any CPU
		{F282D79B-2481-44B8-9372-288D71FD440A}.Debug|Any CPU.ActiveCfg = Debug|Any CPU
		{F282D79B-2481-44B8-9372-288D71FD440A}.Debug|Any CPU.Build.0 = Debug|Any CPU
		{F282D79B-2481-44B8-9372-288D71FD440A}.Release|Any CPU.ActiveCfg = Release|Any CPU
		{F282D79B-2481-44B8-9372-288D71FD440A}.Release|Any CPU.Build.0 = Release|Any CPU
		{3AF9B79A-6F08-46C1-B1CB-CD5DDE44DF17}.Debug|Any CPU.ActiveCfg = Debug|Any CPU
		{3AF9B79A-6F08-46C1-B1CB-CD5DDE44DF17}.Debug|Any CPU.Build.0 = Debug|Any CPU
		{3AF9B79A-6F08-46C1-B1CB-CD5DDE44DF17}.Release|Any CPU.ActiveCfg = Release|Any CPU
		{3AF9B79A-6F08-46C1-B1CB-CD5DDE44DF17}.Release|Any CPU.Build.0 = Release|Any CPU
		{D7F15B17-74AA-4BC5-AC7E-29B40E6F65C1}.Debug|Any CPU.ActiveCfg = Debug|Any CPU
		{D7F15B17-74AA-4BC5-AC7E-29B40E6F65C1}.Debug|Any CPU.Build.0 = Debug|Any CPU
		{D7F15B17-74AA-4BC5-AC7E-29B40E6F65C1}.Release|Any CPU.ActiveCfg = Release|Any CPU
		{D7F15B17-74AA-4BC5-AC7E-29B40E6F65C1}.Release|Any CPU.Build.0 = Release|Any CPU
		{C79D4A8C-B8FE-4D39-A1D8-8E591B5F37EF}.Debug|Any CPU.ActiveCfg = Debug|Any CPU
		{C79D4A8C-B8FE-4D39-A1D8-8E591B5F37EF}.Debug|Any CPU.Build.0 = Debug|Any CPU
		{C79D4A8C-B8FE-4D39-A1D8-8E591B5F37EF}.Release|Any CPU.ActiveCfg = Release|Any CPU
		{C79D4A8C-B8FE-4D39-A1D8-8E591B5F37EF}.Release|Any CPU.Build.0 = Release|Any CPU
		{3A17A46B-1ADD-4BCE-91DE-3EBC60E728FB}.Debug|Any CPU.ActiveCfg = Debug|Any CPU
		{3A17A46B-1ADD-4BCE-91DE-3EBC60E728FB}.Debug|Any CPU.Build.0 = Debug|Any CPU
		{3A17A46B-1ADD-4BCE-91DE-3EBC60E728FB}.Release|Any CPU.ActiveCfg = Release|Any CPU
		{3A17A46B-1ADD-4BCE-91DE-3EBC60E728FB}.Release|Any CPU.Build.0 = Release|Any CPU
		{59686F28-0B74-4FB5-866C-6187935D9248}.Debug|Any CPU.ActiveCfg = Debug|Any CPU
		{59686F28-0B74-4FB5-866C-6187935D9248}.Debug|Any CPU.Build.0 = Debug|Any CPU
		{59686F28-0B74-4FB5-866C-6187935D9248}.Release|Any CPU.ActiveCfg = Release|Any CPU
		{59686F28-0B74-4FB5-866C-6187935D9248}.Release|Any CPU.Build.0 = Release|Any CPU
		{44F9FECB-6225-4D77-9633-82D1F0D4C899}.Debug|Any CPU.ActiveCfg = Debug|Any CPU
		{44F9FECB-6225-4D77-9633-82D1F0D4C899}.Debug|Any CPU.Build.0 = Debug|Any CPU
		{44F9FECB-6225-4D77-9633-82D1F0D4C899}.Release|Any CPU.ActiveCfg = Release|Any CPU
		{44F9FECB-6225-4D77-9633-82D1F0D4C899}.Release|Any CPU.Build.0 = Release|Any CPU
		{373581D4-9753-41CD-A550-958B31942207}.Debug|Any CPU.ActiveCfg = Debug|Any CPU
		{373581D4-9753-41CD-A550-958B31942207}.Debug|Any CPU.Build.0 = Debug|Any CPU
		{373581D4-9753-41CD-A550-958B31942207}.Release|Any CPU.ActiveCfg = Release|Any CPU
		{373581D4-9753-41CD-A550-958B31942207}.Release|Any CPU.Build.0 = Release|Any CPU
		{3097F283-6F50-486C-8C03-4AB7E0713C20}.Debug|Any CPU.ActiveCfg = Debug|Any CPU
		{3097F283-6F50-486C-8C03-4AB7E0713C20}.Debug|Any CPU.Build.0 = Debug|Any CPU
		{3097F283-6F50-486C-8C03-4AB7E0713C20}.Release|Any CPU.ActiveCfg = Release|Any CPU
		{3097F283-6F50-486C-8C03-4AB7E0713C20}.Release|Any CPU.Build.0 = Release|Any CPU
		{5AED8F58-78BC-4B95-8FDE-12E5CCFB74C8}.Debug|Any CPU.ActiveCfg = Debug|Any CPU
		{5AED8F58-78BC-4B95-8FDE-12E5CCFB74C8}.Debug|Any CPU.Build.0 = Debug|Any CPU
		{5AED8F58-78BC-4B95-8FDE-12E5CCFB74C8}.Release|Any CPU.ActiveCfg = Release|Any CPU
		{5AED8F58-78BC-4B95-8FDE-12E5CCFB74C8}.Release|Any CPU.Build.0 = Release|Any CPU
		{90C00136-8F1F-4D30-9E01-10E9A32583AE}.Debug|Any CPU.ActiveCfg = Debug|Any CPU
		{90C00136-8F1F-4D30-9E01-10E9A32583AE}.Debug|Any CPU.Build.0 = Debug|Any CPU
		{90C00136-8F1F-4D30-9E01-10E9A32583AE}.Release|Any CPU.ActiveCfg = Release|Any CPU
		{90C00136-8F1F-4D30-9E01-10E9A32583AE}.Release|Any CPU.Build.0 = Release|Any CPU
		{58B6BF20-9988-412F-825D-7A84520E40D1}.Debug|Any CPU.ActiveCfg = Debug|Any CPU
		{58B6BF20-9988-412F-825D-7A84520E40D1}.Debug|Any CPU.Build.0 = Debug|Any CPU
		{58B6BF20-9988-412F-825D-7A84520E40D1}.Release|Any CPU.ActiveCfg = Release|Any CPU
		{58B6BF20-9988-412F-825D-7A84520E40D1}.Release|Any CPU.Build.0 = Release|Any CPU
		{614F070A-656F-4CB8-87CF-6477572B3479}.Debug|Any CPU.ActiveCfg = Debug|Any CPU
		{614F070A-656F-4CB8-87CF-6477572B3479}.Debug|Any CPU.Build.0 = Debug|Any CPU
		{614F070A-656F-4CB8-87CF-6477572B3479}.Release|Any CPU.ActiveCfg = Release|Any CPU
		{614F070A-656F-4CB8-87CF-6477572B3479}.Release|Any CPU.Build.0 = Release|Any CPU
		{B53372C6-A50F-448C-B638-0ECAAAB63FDC}.Debug|Any CPU.ActiveCfg = Debug|Any CPU
		{B53372C6-A50F-448C-B638-0ECAAAB63FDC}.Debug|Any CPU.Build.0 = Debug|Any CPU
		{B53372C6-A50F-448C-B638-0ECAAAB63FDC}.Release|Any CPU.ActiveCfg = Release|Any CPU
		{B53372C6-A50F-448C-B638-0ECAAAB63FDC}.Release|Any CPU.Build.0 = Release|Any CPU
		{CAA3DBE1-FD97-48B9-88F8-AA9E68727F1A}.Debug|Any CPU.ActiveCfg = Debug|Any CPU
		{CAA3DBE1-FD97-48B9-88F8-AA9E68727F1A}.Debug|Any CPU.Build.0 = Debug|Any CPU
		{CAA3DBE1-FD97-48B9-88F8-AA9E68727F1A}.Release|Any CPU.ActiveCfg = Release|Any CPU
		{CAA3DBE1-FD97-48B9-88F8-AA9E68727F1A}.Release|Any CPU.Build.0 = Release|Any CPU
		{54BD608F-D3A9-4510-A71A-A5797AE22F7F}.Debug|Any CPU.ActiveCfg = Debug|Any CPU
		{54BD608F-D3A9-4510-A71A-A5797AE22F7F}.Debug|Any CPU.Build.0 = Debug|Any CPU
		{54BD608F-D3A9-4510-A71A-A5797AE22F7F}.Release|Any CPU.ActiveCfg = Release|Any CPU
		{54BD608F-D3A9-4510-A71A-A5797AE22F7F}.Release|Any CPU.Build.0 = Release|Any CPU
	EndGlobalSection
	GlobalSection(SolutionProperties) = preSolution
		HideSolutionNode = FALSE
	EndGlobalSection
	GlobalSection(ExtensibilityGlobals) = postSolution
		SolutionGuid = {663B2733-7FA3-415B-9403-4EFC9A70919C}
	EndGlobalSection
EndGlobal
